
Microsoft Visual Studio Solution File, Format Version 12.00
# Visual Studio Version 16
VisualStudioVersion = 16.0.30907.101
MinimumVisualStudioVersion = 10.0.40219.1
Project("{FAE04EC0-301F-11D3-BF4B-00C04F79EFBC}") = "TelegramBot", "TelegramBot\TelegramBot.csproj", "{BE0A095B-A3E2-4258-82AA-E93EEDFBDE19}"
EndProject
Global
	GlobalSection(SolutionConfigurationPlatforms) = preSolution
		Debug|Any CPU = Debug|Any CPU
		Release|Any CPU = Release|Any CPU
	EndGlobalSection
	GlobalSection(ProjectConfigurationPlatforms) = postSolution
		{BE0A095B-A3E2-4258-82AA-E93EEDFBDE19}.Debug|Any CPU.ActiveCfg = Debug|Any CPU
		{BE0A095B-A3E2-4258-82AA-E93EEDFBDE19}.Debug|Any CPU.Build.0 = Debug|Any CPU
		{BE0A095B-A3E2-4258-82AA-E93EEDFBDE19}.Release|Any CPU.ActiveCfg = Release|Any CPU
		{BE0A095B-A3E2-4258-82AA-E93EEDFBDE19}.Release|Any CPU.Build.0 = Release|Any CPU
	EndGlobalSection
	GlobalSection(SolutionProperties) = preSolution
		HideSolutionNode = FALSE
	EndGlobalSection
	GlobalSection(ExtensibilityGlobals) = postSolution
		SolutionGuid = {F3BFCC32-C6A7-4DBF-B13F-04C61F5038C3}
	EndGlobalSection
EndGlobal
